
Microsoft Visual Studio Solution File, Format Version 12.00
# Visual Studio Version 16
VisualStudioVersion = 16.0.30621.155
MinimumVisualStudioVersion = 10.0.40219.1
Project("{FAE04EC0-301F-11D3-BF4B-00C04F79EFBC}") = "ContosoCrafts.WedSite", "ContosoCrafts.WedSite\ContosoCrafts.WedSite.csproj", "{286398D0-F153-4EBD-A429-1466E000FF48}"
EndProject
Global
	GlobalSection(SolutionConfigurationPlatforms) = preSolution
		Debug|Any CPU = Debug|Any CPU
		Release|Any CPU = Release|Any CPU
	EndGlobalSection
	GlobalSection(ProjectConfigurationPlatforms) = postSolution
		{286398D0-F153-4EBD-A429-1466E000FF48}.Debug|Any CPU.ActiveCfg = Debug|Any CPU
		{286398D0-F153-4EBD-A429-1466E000FF48}.Debug|Any CPU.Build.0 = Debug|Any CPU
		{286398D0-F153-4EBD-A429-1466E000FF48}.Release|Any CPU.ActiveCfg = Release|Any CPU
		{286398D0-F153-4EBD-A429-1466E000FF48}.Release|Any CPU.Build.0 = Release|Any CPU
	EndGlobalSection
	GlobalSection(SolutionProperties) = preSolution
		HideSolutionNode = FALSE
	EndGlobalSection
	GlobalSection(ExtensibilityGlobals) = postSolution
		SolutionGuid = {20B668C6-4AB4-437D-8071-2718C4CBB770}
	EndGlobalSection
EndGlobal
