
Microsoft Visual Studio Solution File, Format Version 12.00
# Visual Studio Version 16
VisualStudioVersion = 16.0.30204.135
MinimumVisualStudioVersion = 10.0.40219.1
Project("{FAE04EC0-301F-11D3-BF4B-00C04F79EFBC}") = "Session7", "Session7.csproj", "{60322246-0474-4FF6-A3DA-4953C93F21B0}"
EndProject
Global
	GlobalSection(SolutionConfigurationPlatforms) = preSolution
		Debug|Any CPU = Debug|Any CPU
		Release|Any CPU = Release|Any CPU
	EndGlobalSection
	GlobalSection(ProjectConfigurationPlatforms) = postSolution
		{60322246-0474-4FF6-A3DA-4953C93F21B0}.Debug|Any CPU.ActiveCfg = Debug|Any CPU
		{60322246-0474-4FF6-A3DA-4953C93F21B0}.Debug|Any CPU.Build.0 = Debug|Any CPU
		{60322246-0474-4FF6-A3DA-4953C93F21B0}.Release|Any CPU.ActiveCfg = Release|Any CPU
		{60322246-0474-4FF6-A3DA-4953C93F21B0}.Release|Any CPU.Build.0 = Release|Any CPU
	EndGlobalSection
	GlobalSection(SolutionProperties) = preSolution
		HideSolutionNode = FALSE
	EndGlobalSection
	GlobalSection(ExtensibilityGlobals) = postSolution
		SolutionGuid = {88710B2F-9083-4D38-80D9-FE8C30EEBB85}
	EndGlobalSection
EndGlobal
