
Microsoft Visual Studio Solution File, Format Version 12.00
# Visual Studio Version 16
VisualStudioVersion = 16.0.30204.135
MinimumVisualStudioVersion = 10.0.40219.1
Project("{FAE04EC0-301F-11D3-BF4B-00C04F79EFBC}") = "Session06", "Session06.csproj", "{9ABAC23E-72E5-4740-A704-C1C685930DDC}"
EndProject
Global
	GlobalSection(SolutionConfigurationPlatforms) = preSolution
		Debug|Any CPU = Debug|Any CPU
		Release|Any CPU = Release|Any CPU
	EndGlobalSection
	GlobalSection(ProjectConfigurationPlatforms) = postSolution
		{9ABAC23E-72E5-4740-A704-C1C685930DDC}.Debug|Any CPU.ActiveCfg = Debug|Any CPU
		{9ABAC23E-72E5-4740-A704-C1C685930DDC}.Debug|Any CPU.Build.0 = Debug|Any CPU
		{9ABAC23E-72E5-4740-A704-C1C685930DDC}.Release|Any CPU.ActiveCfg = Release|Any CPU
		{9ABAC23E-72E5-4740-A704-C1C685930DDC}.Release|Any CPU.Build.0 = Release|Any CPU
	EndGlobalSection
	GlobalSection(SolutionProperties) = preSolution
		HideSolutionNode = FALSE
	EndGlobalSection
	GlobalSection(ExtensibilityGlobals) = postSolution
		SolutionGuid = {234F82E0-4BA0-4B52-9CA5-7029C5D54E6F}
	EndGlobalSection
EndGlobal
