
Microsoft Visual Studio Solution File, Format Version 12.00
# Visual Studio Version 16
VisualStudioVersion = 16.0.30804.86
MinimumVisualStudioVersion = 10.0.40219.1
Project("{FAE04EC0-301F-11D3-BF4B-00C04F79EFBC}") = "ContosoUniversity", "ContosoUniversity.csproj", "{5C749474-520B-4D25-8216-B1243DAD61EC}"
EndProject
Global
	GlobalSection(SolutionConfigurationPlatforms) = preSolution
		Debug|Any CPU = Debug|Any CPU
		Release|Any CPU = Release|Any CPU
	EndGlobalSection
	GlobalSection(ProjectConfigurationPlatforms) = postSolution
		{5C749474-520B-4D25-8216-B1243DAD61EC}.Debug|Any CPU.ActiveCfg = Debug|Any CPU
		{5C749474-520B-4D25-8216-B1243DAD61EC}.Debug|Any CPU.Build.0 = Debug|Any CPU
		{5C749474-520B-4D25-8216-B1243DAD61EC}.Release|Any CPU.ActiveCfg = Release|Any CPU
		{5C749474-520B-4D25-8216-B1243DAD61EC}.Release|Any CPU.Build.0 = Release|Any CPU
	EndGlobalSection
	GlobalSection(SolutionProperties) = preSolution
		HideSolutionNode = FALSE
	EndGlobalSection
	GlobalSection(ExtensibilityGlobals) = postSolution
		SolutionGuid = {7807E0A6-77CD-466E-AA54-D315D72AAB01}
	EndGlobalSection
EndGlobal
