
Microsoft Visual Studio Solution File, Format Version 12.00
# Visual Studio Version 16
VisualStudioVersion = 16.0.30204.135
MinimumVisualStudioVersion = 10.0.40219.1
Project("{FAE04EC0-301F-11D3-BF4B-00C04F79EFBC}") = "U44", "U44.csproj", "{F28FF835-C587-47CD-ADF0-3DCD54B6100B}"
EndProject
Global
	GlobalSection(SolutionConfigurationPlatforms) = preSolution
		Debug|ARM = Debug|ARM
		Debug|ARM64 = Debug|ARM64
		Debug|x64 = Debug|x64
		Debug|x86 = Debug|x86
		Release|ARM = Release|ARM
		Release|ARM64 = Release|ARM64
		Release|x64 = Release|x64
		Release|x86 = Release|x86
	EndGlobalSection
	GlobalSection(ProjectConfigurationPlatforms) = postSolution
		{F28FF835-C587-47CD-ADF0-3DCD54B6100B}.Debug|ARM.ActiveCfg = Debug|ARM
		{F28FF835-C587-47CD-ADF0-3DCD54B6100B}.Debug|ARM.Build.0 = Debug|ARM
		{F28FF835-C587-47CD-ADF0-3DCD54B6100B}.Debug|ARM.Deploy.0 = Debug|ARM
		{F28FF835-C587-47CD-ADF0-3DCD54B6100B}.Debug|ARM64.ActiveCfg = Debug|ARM64
		{F28FF835-C587-47CD-ADF0-3DCD54B6100B}.Debug|ARM64.Build.0 = Debug|ARM64
		{F28FF835-C587-47CD-ADF0-3DCD54B6100B}.Debug|ARM64.Deploy.0 = Debug|ARM64
		{F28FF835-C587-47CD-ADF0-3DCD54B6100B}.Debug|x64.ActiveCfg = Debug|x64
		{F28FF835-C587-47CD-ADF0-3DCD54B6100B}.Debug|x64.Build.0 = Debug|x64
		{F28FF835-C587-47CD-ADF0-3DCD54B6100B}.Debug|x64.Deploy.0 = Debug|x64
		{F28FF835-C587-47CD-ADF0-3DCD54B6100B}.Debug|x86.ActiveCfg = Debug|x86
		{F28FF835-C587-47CD-ADF0-3DCD54B6100B}.Debug|x86.Build.0 = Debug|x86
		{F28FF835-C587-47CD-ADF0-3DCD54B6100B}.Debug|x86.Deploy.0 = Debug|x86
		{F28FF835-C587-47CD-ADF0-3DCD54B6100B}.Release|ARM.ActiveCfg = Release|ARM
		{F28FF835-C587-47CD-ADF0-3DCD54B6100B}.Release|ARM.Build.0 = Release|ARM
		{F28FF835-C587-47CD-ADF0-3DCD54B6100B}.Release|ARM.Deploy.0 = Release|ARM
		{F28FF835-C587-47CD-ADF0-3DCD54B6100B}.Release|ARM64.ActiveCfg = Release|ARM64
		{F28FF835-C587-47CD-ADF0-3DCD54B6100B}.Release|ARM64.Build.0 = Release|ARM64
		{F28FF835-C587-47CD-ADF0-3DCD54B6100B}.Release|ARM64.Deploy.0 = Release|ARM64
		{F28FF835-C587-47CD-ADF0-3DCD54B6100B}.Release|x64.ActiveCfg = Release|x64
		{F28FF835-C587-47CD-ADF0-3DCD54B6100B}.Release|x64.Build.0 = Release|x64
		{F28FF835-C587-47CD-ADF0-3DCD54B6100B}.Release|x64.Deploy.0 = Release|x64
		{F28FF835-C587-47CD-ADF0-3DCD54B6100B}.Release|x86.ActiveCfg = Release|x86
		{F28FF835-C587-47CD-ADF0-3DCD54B6100B}.Release|x86.Build.0 = Release|x86
		{F28FF835-C587-47CD-ADF0-3DCD54B6100B}.Release|x86.Deploy.0 = Release|x86
	EndGlobalSection
	GlobalSection(SolutionProperties) = preSolution
		HideSolutionNode = FALSE
	EndGlobalSection
	GlobalSection(ExtensibilityGlobals) = postSolution
		SolutionGuid = {1D13BB90-E4A8-4948-A726-6B2E0F83625E}
	EndGlobalSection
EndGlobal
