
Microsoft Visual Studio Solution File, Format Version 12.00
# Visual Studio Version 16
VisualStudioVersion = 16.0.30204.135
MinimumVisualStudioVersion = 10.0.40219.1
Project("{FAE04EC0-301F-11D3-BF4B-00C04F79EFBC}") = "HW_Part2", "HW_Part2.csproj", "{3E33724C-7868-40C9-A3A5-758535D8D7D2}"
EndProject
Global
	GlobalSection(SolutionConfigurationPlatforms) = preSolution
		Debug|Any CPU = Debug|Any CPU
		Release|Any CPU = Release|Any CPU
	EndGlobalSection
	GlobalSection(ProjectConfigurationPlatforms) = postSolution
		{3E33724C-7868-40C9-A3A5-758535D8D7D2}.Debug|Any CPU.ActiveCfg = Debug|Any CPU
		{3E33724C-7868-40C9-A3A5-758535D8D7D2}.Debug|Any CPU.Build.0 = Debug|Any CPU
		{3E33724C-7868-40C9-A3A5-758535D8D7D2}.Release|Any CPU.ActiveCfg = Release|Any CPU
		{3E33724C-7868-40C9-A3A5-758535D8D7D2}.Release|Any CPU.Build.0 = Release|Any CPU
	EndGlobalSection
	GlobalSection(SolutionProperties) = preSolution
		HideSolutionNode = FALSE
	EndGlobalSection
	GlobalSection(ExtensibilityGlobals) = postSolution
		SolutionGuid = {62C5D51C-DF22-4332-BDC4-A6E5B218CE54}
	EndGlobalSection
EndGlobal
