
Microsoft Visual Studio Solution File, Format Version 12.00
# Visual Studio Version 16
VisualStudioVersion = 16.0.30204.135
MinimumVisualStudioVersion = 10.0.40219.1
Project("{FAE04EC0-301F-11D3-BF4B-00C04F79EFBC}") = "TodoApi", "TodoApi.csproj", "{4CD0D734-71CA-4C60-AE15-972DE32C152A}"
EndProject
Global
	GlobalSection(SolutionConfigurationPlatforms) = preSolution
		Debug|Any CPU = Debug|Any CPU
		Release|Any CPU = Release|Any CPU
	EndGlobalSection
	GlobalSection(ProjectConfigurationPlatforms) = postSolution
		{4CD0D734-71CA-4C60-AE15-972DE32C152A}.Debug|Any CPU.ActiveCfg = Debug|Any CPU
		{4CD0D734-71CA-4C60-AE15-972DE32C152A}.Debug|Any CPU.Build.0 = Debug|Any CPU
		{4CD0D734-71CA-4C60-AE15-972DE32C152A}.Release|Any CPU.ActiveCfg = Release|Any CPU
		{4CD0D734-71CA-4C60-AE15-972DE32C152A}.Release|Any CPU.Build.0 = Release|Any CPU
	EndGlobalSection
	GlobalSection(SolutionProperties) = preSolution
		HideSolutionNode = FALSE
	EndGlobalSection
	GlobalSection(ExtensibilityGlobals) = postSolution
		SolutionGuid = {719E174E-3FDC-4667-9F5B-BE62F2259077}
	EndGlobalSection
EndGlobal
