
Microsoft Visual Studio Solution File, Format Version 12.00
# Visual Studio Version 16
VisualStudioVersion = 16.0.30204.135
MinimumVisualStudioVersion = 10.0.40219.1
Project("{FAE04EC0-301F-11D3-BF4B-00C04F79EFBC}") = "MvcMovie", "MvcMovie.csproj", "{EDD99E70-4D02-4391-8B1B-3C034CB6ECD6}"
EndProject
Global
	GlobalSection(SolutionConfigurationPlatforms) = preSolution
		Debug|Any CPU = Debug|Any CPU
		Release|Any CPU = Release|Any CPU
	EndGlobalSection
	GlobalSection(ProjectConfigurationPlatforms) = postSolution
		{EDD99E70-4D02-4391-8B1B-3C034CB6ECD6}.Debug|Any CPU.ActiveCfg = Debug|Any CPU
		{EDD99E70-4D02-4391-8B1B-3C034CB6ECD6}.Debug|Any CPU.Build.0 = Debug|Any CPU
		{EDD99E70-4D02-4391-8B1B-3C034CB6ECD6}.Release|Any CPU.ActiveCfg = Release|Any CPU
		{EDD99E70-4D02-4391-8B1B-3C034CB6ECD6}.Release|Any CPU.Build.0 = Release|Any CPU
	EndGlobalSection
	GlobalSection(SolutionProperties) = preSolution
		HideSolutionNode = FALSE
	EndGlobalSection
	GlobalSection(ExtensibilityGlobals) = postSolution
		SolutionGuid = {8BF7D28F-52AA-4051-A2F8-173E2495140D}
	EndGlobalSection
EndGlobal
