
Microsoft Visual Studio Solution File, Format Version 12.00
# Visual Studio Version 16
VisualStudioVersion = 16.0.30204.135
MinimumVisualStudioVersion = 10.0.40219.1
Project("{FAE04EC0-301F-11D3-BF4B-00C04F79EFBC}") = "WingtipToys", "WingtipToys\WingtipToys.csproj", "{97D7342B-D0F1-41E7-BF3C-4A566CB9BFEF}"
EndProject
Global
	GlobalSection(SolutionConfigurationPlatforms) = preSolution
		Debug|Any CPU = Debug|Any CPU
		Release|Any CPU = Release|Any CPU
	EndGlobalSection
	GlobalSection(ProjectConfigurationPlatforms) = postSolution
		{97D7342B-D0F1-41E7-BF3C-4A566CB9BFEF}.Debug|Any CPU.ActiveCfg = Debug|Any CPU
		{97D7342B-D0F1-41E7-BF3C-4A566CB9BFEF}.Debug|Any CPU.Build.0 = Debug|Any CPU
		{97D7342B-D0F1-41E7-BF3C-4A566CB9BFEF}.Release|Any CPU.ActiveCfg = Release|Any CPU
		{97D7342B-D0F1-41E7-BF3C-4A566CB9BFEF}.Release|Any CPU.Build.0 = Release|Any CPU
	EndGlobalSection
	GlobalSection(SolutionProperties) = preSolution
		HideSolutionNode = FALSE
	EndGlobalSection
	GlobalSection(ExtensibilityGlobals) = postSolution
		SolutionGuid = {32833B42-1EC7-4DFA-A6EA-819E8DA6034F}
	EndGlobalSection
EndGlobal
