
Microsoft Visual Studio Solution File, Format Version 12.00
# Visual Studio Version 16
VisualStudioVersion = 16.0.30611.23
MinimumVisualStudioVersion = 10.0.40219.1
Project("{FAE04EC0-301F-11D3-BF4B-00C04F79EFBC}") = "WingtipToys(1)", "WingtipToys(1).csproj", "{442F3FEC-82E4-4114-9305-B85F06F68E07}"
EndProject
Global
	GlobalSection(SolutionConfigurationPlatforms) = preSolution
		Debug|Any CPU = Debug|Any CPU
		Release|Any CPU = Release|Any CPU
	EndGlobalSection
	GlobalSection(ProjectConfigurationPlatforms) = postSolution
		{442F3FEC-82E4-4114-9305-B85F06F68E07}.Debug|Any CPU.ActiveCfg = Debug|Any CPU
		{442F3FEC-82E4-4114-9305-B85F06F68E07}.Debug|Any CPU.Build.0 = Debug|Any CPU
		{442F3FEC-82E4-4114-9305-B85F06F68E07}.Release|Any CPU.ActiveCfg = Release|Any CPU
		{442F3FEC-82E4-4114-9305-B85F06F68E07}.Release|Any CPU.Build.0 = Release|Any CPU
	EndGlobalSection
	GlobalSection(SolutionProperties) = preSolution
		HideSolutionNode = FALSE
	EndGlobalSection
	GlobalSection(ExtensibilityGlobals) = postSolution
		SolutionGuid = {6DC22A11-58C9-4269-87F4-DCA8F76D35CB}
	EndGlobalSection
EndGlobal
