
Microsoft Visual Studio Solution File, Format Version 12.00
# Visual Studio Version 16
VisualStudioVersion = 16.0.30204.135
MinimumVisualStudioVersion = 10.0.40219.1
Project("{FAE04EC0-301F-11D3-BF4B-00C04F79EFBC}") = "HelloWorld", "..\..\Web_Application\HelloWorld\HelloWorld.csproj", "{9435C510-7C48-4E0E-ADFE-E651C5C99E54}"
EndProject
Global
	GlobalSection(SolutionConfigurationPlatforms) = preSolution
		Debug|Any CPU = Debug|Any CPU
		Release|Any CPU = Release|Any CPU
	EndGlobalSection
	GlobalSection(ProjectConfigurationPlatforms) = postSolution
		{9435C510-7C48-4E0E-ADFE-E651C5C99E54}.Debug|Any CPU.ActiveCfg = Debug|Any CPU
		{9435C510-7C48-4E0E-ADFE-E651C5C99E54}.Debug|Any CPU.Build.0 = Debug|Any CPU
		{9435C510-7C48-4E0E-ADFE-E651C5C99E54}.Release|Any CPU.ActiveCfg = Release|Any CPU
		{9435C510-7C48-4E0E-ADFE-E651C5C99E54}.Release|Any CPU.Build.0 = Release|Any CPU
	EndGlobalSection
	GlobalSection(SolutionProperties) = preSolution
		HideSolutionNode = FALSE
	EndGlobalSection
	GlobalSection(ExtensibilityGlobals) = postSolution
		SolutionGuid = {2FA1BF18-1E6B-42B1-B375-18421A9D555A}
	EndGlobalSection
EndGlobal
