
Microsoft Visual Studio Solution File, Format Version 12.00
# Visual Studio Version 16
VisualStudioVersion = 16.0.30204.135
MinimumVisualStudioVersion = 10.0.40219.1
Project("{FAE04EC0-301F-11D3-BF4B-00C04F79EFBC}") = "Session8", "Session8.csproj", "{121BE4D5-CDDA-4172-B16F-B66FC62D4F85}"
EndProject
Global
	GlobalSection(SolutionConfigurationPlatforms) = preSolution
		Debug|Any CPU = Debug|Any CPU
		Release|Any CPU = Release|Any CPU
	EndGlobalSection
	GlobalSection(ProjectConfigurationPlatforms) = postSolution
		{121BE4D5-CDDA-4172-B16F-B66FC62D4F85}.Debug|Any CPU.ActiveCfg = Debug|Any CPU
		{121BE4D5-CDDA-4172-B16F-B66FC62D4F85}.Debug|Any CPU.Build.0 = Debug|Any CPU
		{121BE4D5-CDDA-4172-B16F-B66FC62D4F85}.Release|Any CPU.ActiveCfg = Release|Any CPU
		{121BE4D5-CDDA-4172-B16F-B66FC62D4F85}.Release|Any CPU.Build.0 = Release|Any CPU
	EndGlobalSection
	GlobalSection(SolutionProperties) = preSolution
		HideSolutionNode = FALSE
	EndGlobalSection
	GlobalSection(ExtensibilityGlobals) = postSolution
		SolutionGuid = {9AC2DC9E-B862-4272-8AE5-091B24EF27E4}
	EndGlobalSection
EndGlobal
