
Microsoft Visual Studio Solution File, Format Version 12.00
# Visual Studio Version 16
VisualStudioVersion = 16.0.30204.135
MinimumVisualStudioVersion = 10.0.40219.1
Project("{FAE04EC0-301F-11D3-BF4B-00C04F79EFBC}") = "Session10", "Session10.csproj", "{548055AC-3491-4CE1-8CCB-4963296D557F}"
EndProject
Global
	GlobalSection(SolutionConfigurationPlatforms) = preSolution
		Debug|Any CPU = Debug|Any CPU
		Release|Any CPU = Release|Any CPU
	EndGlobalSection
	GlobalSection(ProjectConfigurationPlatforms) = postSolution
		{548055AC-3491-4CE1-8CCB-4963296D557F}.Debug|Any CPU.ActiveCfg = Debug|Any CPU
		{548055AC-3491-4CE1-8CCB-4963296D557F}.Debug|Any CPU.Build.0 = Debug|Any CPU
		{548055AC-3491-4CE1-8CCB-4963296D557F}.Release|Any CPU.ActiveCfg = Release|Any CPU
		{548055AC-3491-4CE1-8CCB-4963296D557F}.Release|Any CPU.Build.0 = Release|Any CPU
	EndGlobalSection
	GlobalSection(SolutionProperties) = preSolution
		HideSolutionNode = FALSE
	EndGlobalSection
	GlobalSection(ExtensibilityGlobals) = postSolution
		SolutionGuid = {00CA8DAC-9042-41AE-9C29-2158BCDD8084}
	EndGlobalSection
EndGlobal
